# generated by rye
# use `rye lock` or `rye sync` to update this lockfile
#
# last locked with the following flags:
#   pre: false
#   features: []
#   all-features: false
#   with-sources: false
#   generate-hashes: false

-e file:.
beautifulsoup4==4.12.3
    # via bs4
bs4==0.0.2
    # via dolibabyphp
certifi==2024.6.2
    # via requests
charset-normalizer==3.3.2
    # via requests
click==8.1.7
    # via cloup
cloup==3.0.5
    # via dolibabyphp
furl==2.1.3
    # via dolibabyphp
idna==3.7
    # via requests
orderedmultidict==1.0.1
    # via furl
requests==2.32.3
    # via dolibabyphp
six==1.16.0
    # via furl
    # via orderedmultidict
soupsieve==2.5
    # via beautifulsoup4
structlog==24.2.0
    # via dolibabyphp
tenacity==8.5.0
    # via dolibabyphp
urllib3==2.2.2
    # via requests
uuid==1.30
    # via dolibabyphp
